
Microsoft Visual Studio Solution File, Format Version 12.00
# Visual Studio 15
Project("{FAE04EC0-301F-11D3-BF4B-00C04F79EFBC}") = "Assembly-CSharp", "Assembly-CSharp.csproj", "{6BF91930-01B9-2E82-54A6-15186A744515}"
EndProject
Project("{FAE04EC0-301F-11D3-BF4B-00C04F79EFBC}") = "Assembly-CSharp-Editor", "Assembly-CSharp-Editor.csproj", "{756885CF-04D8-B917-11F8-F8BCF1DC2911}"
EndProject
Global
	GlobalSection(SolutionConfigurationPlatforms) = preSolution
		Debug|Any CPU = Debug|Any CPU
		Release|Any CPU = Release|Any CPU
	EndGlobalSection
	GlobalSection(ProjectConfigurationPlatforms) = postSolution
		{6BF91930-01B9-2E82-54A6-15186A744515}.Debug|Any CPU.ActiveCfg = Debug|Any CPU
		{6BF91930-01B9-2E82-54A6-15186A744515}.Debug|Any CPU.Build.0 = Debug|Any CPU
		{6BF91930-01B9-2E82-54A6-15186A744515}.Release|Any CPU.ActiveCfg = Release|Any CPU
		{6BF91930-01B9-2E82-54A6-15186A744515}.Release|Any CPU.Build.0 = Release|Any CPU
		{756885CF-04D8-B917-11F8-F8BCF1DC2911}.Debug|Any CPU.ActiveCfg = Debug|Any CPU
		{756885CF-04D8-B917-11F8-F8BCF1DC2911}.Debug|Any CPU.Build.0 = Debug|Any CPU
		{756885CF-04D8-B917-11F8-F8BCF1DC2911}.Release|Any CPU.ActiveCfg = Release|Any CPU
		{756885CF-04D8-B917-11F8-F8BCF1DC2911}.Release|Any CPU.Build.0 = Release|Any CPU
	EndGlobalSection
	GlobalSection(SolutionProperties) = preSolution
		HideSolutionNode = FALSE
	EndGlobalSection
EndGlobal
